
Microsoft Visual Studio Solution File, Format Version 12.00
# Visual Studio 15
VisualStudioVersion = 15.0.28307.1300
MinimumVisualStudioVersion = 10.0.40219.1
Project("{FAE04EC0-301F-11D3-BF4B-00C04F79EFBC}") = "TMDT", "TMDT\TMDT.csproj", "{18EFB3AA-0E7A-43CB-9259-47CA5B9B7AB7}"
EndProject
Project("{FAE04EC0-301F-11D3-BF4B-00C04F79EFBC}") = "TMDT.Data", "TMDT.Data\TMDT.Data.csproj", "{956EA633-1FEA-47FC-AC60-C2A7B02D3CA2}"
EndProject
Project("{FAE04EC0-301F-11D3-BF4B-00C04F79EFBC}") = "TMDT.Data.EF", "TMDT.Data.EF\TMDT.Data.EF.csproj", "{3CFAAD6E-47A9-4415-AF5B-20AD26991766}"
EndProject
Project("{FAE04EC0-301F-11D3-BF4B-00C04F79EFBC}") = "TMDT.Utilities", "TMDT.Utilities\TMDT.Utilities.csproj", "{292B84A3-1410-4366-8BBB-DE50197AFAA5}"
EndProject
Project("{FAE04EC0-301F-11D3-BF4B-00C04F79EFBC}") = "TMDT.Infrastructure", "TMDT.Infrastructure\TMDT.Infrastructure.csproj", "{D3313B35-EC5E-4C3A-A6E2-9D1644903C7C}"
EndProject
Project("{2150E333-8FDC-42A3-9474-1A3956D46DE8}") = "1 - Presentation", "1 - Presentation", "{97C1074B-EDBA-4136-811A-359490FB1065}"
EndProject
Project("{2150E333-8FDC-42A3-9474-1A3956D46DE8}") = "2 - Application", "2 - Application", "{71BFA408-3AB5-46BE-BD89-59C14F68C554}"
EndProject
Project("{2150E333-8FDC-42A3-9474-1A3956D46DE8}") = "3 - Domain", "3 - Domain", "{25EA4009-8BA0-45DC-A881-BCA9BDEB3551}"
EndProject
Project("{2150E333-8FDC-42A3-9474-1A3956D46DE8}") = "4 - Infrastructure", "4 - Infrastructure", "{38CC5275-B843-4A32-9CBE-B24122166345}"
EndProject
Project("{FAE04EC0-301F-11D3-BF4B-00C04F79EFBC}") = "TMDT.Application", "TMDT.Application\TMDT.Application.csproj", "{0E640C0B-2CBB-41D8-A88F-13148ADC065F}"
EndProject
Global
	GlobalSection(SolutionConfigurationPlatforms) = preSolution
		Debug|Any CPU = Debug|Any CPU
		Release|Any CPU = Release|Any CPU
	EndGlobalSection
	GlobalSection(ProjectConfigurationPlatforms) = postSolution
		{18EFB3AA-0E7A-43CB-9259-47CA5B9B7AB7}.Debug|Any CPU.ActiveCfg = Debug|Any CPU
		{18EFB3AA-0E7A-43CB-9259-47CA5B9B7AB7}.Debug|Any CPU.Build.0 = Debug|Any CPU
		{18EFB3AA-0E7A-43CB-9259-47CA5B9B7AB7}.Release|Any CPU.ActiveCfg = Release|Any CPU
		{18EFB3AA-0E7A-43CB-9259-47CA5B9B7AB7}.Release|Any CPU.Build.0 = Release|Any CPU
		{956EA633-1FEA-47FC-AC60-C2A7B02D3CA2}.Debug|Any CPU.ActiveCfg = Debug|Any CPU
		{956EA633-1FEA-47FC-AC60-C2A7B02D3CA2}.Debug|Any CPU.Build.0 = Debug|Any CPU
		{956EA633-1FEA-47FC-AC60-C2A7B02D3CA2}.Release|Any CPU.ActiveCfg = Release|Any CPU
		{956EA633-1FEA-47FC-AC60-C2A7B02D3CA2}.Release|Any CPU.Build.0 = Release|Any CPU
		{3CFAAD6E-47A9-4415-AF5B-20AD26991766}.Debug|Any CPU.ActiveCfg = Debug|Any CPU
		{3CFAAD6E-47A9-4415-AF5B-20AD26991766}.Debug|Any CPU.Build.0 = Debug|Any CPU
		{3CFAAD6E-47A9-4415-AF5B-20AD26991766}.Release|Any CPU.ActiveCfg = Release|Any CPU
		{3CFAAD6E-47A9-4415-AF5B-20AD26991766}.Release|Any CPU.Build.0 = Release|Any CPU
		{292B84A3-1410-4366-8BBB-DE50197AFAA5}.Debug|Any CPU.ActiveCfg = Debug|Any CPU
		{292B84A3-1410-4366-8BBB-DE50197AFAA5}.Debug|Any CPU.Build.0 = Debug|Any CPU
		{292B84A3-1410-4366-8BBB-DE50197AFAA5}.Release|Any CPU.ActiveCfg = Release|Any CPU
		{292B84A3-1410-4366-8BBB-DE50197AFAA5}.Release|Any CPU.Build.0 = Release|Any CPU
		{D3313B35-EC5E-4C3A-A6E2-9D1644903C7C}.Debug|Any CPU.ActiveCfg = Debug|Any CPU
		{D3313B35-EC5E-4C3A-A6E2-9D1644903C7C}.Debug|Any CPU.Build.0 = Debug|Any CPU
		{D3313B35-EC5E-4C3A-A6E2-9D1644903C7C}.Release|Any CPU.ActiveCfg = Release|Any CPU
		{D3313B35-EC5E-4C3A-A6E2-9D1644903C7C}.Release|Any CPU.Build.0 = Release|Any CPU
		{0E640C0B-2CBB-41D8-A88F-13148ADC065F}.Debug|Any CPU.ActiveCfg = Debug|Any CPU
		{0E640C0B-2CBB-41D8-A88F-13148ADC065F}.Debug|Any CPU.Build.0 = Debug|Any CPU
		{0E640C0B-2CBB-41D8-A88F-13148ADC065F}.Release|Any CPU.ActiveCfg = Release|Any CPU
		{0E640C0B-2CBB-41D8-A88F-13148ADC065F}.Release|Any CPU.Build.0 = Release|Any CPU
	EndGlobalSection
	GlobalSection(SolutionProperties) = preSolution
		HideSolutionNode = FALSE
	EndGlobalSection
	GlobalSection(NestedProjects) = preSolution
		{18EFB3AA-0E7A-43CB-9259-47CA5B9B7AB7} = {97C1074B-EDBA-4136-811A-359490FB1065}
		{956EA633-1FEA-47FC-AC60-C2A7B02D3CA2} = {25EA4009-8BA0-45DC-A881-BCA9BDEB3551}
		{3CFAAD6E-47A9-4415-AF5B-20AD26991766} = {25EA4009-8BA0-45DC-A881-BCA9BDEB3551}
		{292B84A3-1410-4366-8BBB-DE50197AFAA5} = {38CC5275-B843-4A32-9CBE-B24122166345}
		{D3313B35-EC5E-4C3A-A6E2-9D1644903C7C} = {38CC5275-B843-4A32-9CBE-B24122166345}
		{0E640C0B-2CBB-41D8-A88F-13148ADC065F} = {71BFA408-3AB5-46BE-BD89-59C14F68C554}
	EndGlobalSection
	GlobalSection(ExtensibilityGlobals) = postSolution
		SolutionGuid = {AE020500-8473-4798-9907-457E0273C82F}
	EndGlobalSection
EndGlobal
